
Microsoft Visual Studio Solution File, Format Version 12.00
# Visual Studio 15
VisualStudioVersion = 15.0.27703.2000
MinimumVisualStudioVersion = 10.0.40219.1
Project("{9A19103F-16F7-4668-BE54-9A1E7A4F7556}") = "AwsWhiteApp", "WhiteApp\AwsWhiteApp.csproj", "{7AAE0D2E-D93D-46A5-9123-32E2E27F8573}"
EndProject
Project("{FAE04EC0-301F-11D3-BF4B-00C04F79EFBC}") = "AzureWhiteApp", "AzureWhiteApp\AzureWhiteApp.csproj", "{86ED8933-587F-4D71-BAF3-3BD1CD18DB50}"
EndProject
Global
	GlobalSection(SolutionConfigurationPlatforms) = preSolution
		Debug|Any CPU = Debug|Any CPU
		Release|Any CPU = Release|Any CPU
	EndGlobalSection
	GlobalSection(ProjectConfigurationPlatforms) = postSolution
		{7AAE0D2E-D93D-46A5-9123-32E2E27F8573}.Debug|Any CPU.ActiveCfg = Debug|Any CPU
		{7AAE0D2E-D93D-46A5-9123-32E2E27F8573}.Debug|Any CPU.Build.0 = Debug|Any CPU
		{7AAE0D2E-D93D-46A5-9123-32E2E27F8573}.Release|Any CPU.ActiveCfg = Release|Any CPU
		{7AAE0D2E-D93D-46A5-9123-32E2E27F8573}.Release|Any CPU.Build.0 = Release|Any CPU
		{86ED8933-587F-4D71-BAF3-3BD1CD18DB50}.Debug|Any CPU.ActiveCfg = Debug|Any CPU
		{86ED8933-587F-4D71-BAF3-3BD1CD18DB50}.Debug|Any CPU.Build.0 = Debug|Any CPU
		{86ED8933-587F-4D71-BAF3-3BD1CD18DB50}.Release|Any CPU.ActiveCfg = Release|Any CPU
		{86ED8933-587F-4D71-BAF3-3BD1CD18DB50}.Release|Any CPU.Build.0 = Release|Any CPU
	EndGlobalSection
	GlobalSection(SolutionProperties) = preSolution
		HideSolutionNode = FALSE
	EndGlobalSection
	GlobalSection(ExtensibilityGlobals) = postSolution
		SolutionGuid = {21F87E6F-AA40-422A-B590-94A0D995CCE3}
	EndGlobalSection
EndGlobal
